# THIS IS AN AUTOGENERATED FILE. DO NOT EDIT THIS FILE DIRECTLY.
# yarn lockfile v1


"fileseeder@https://github.com/TheCookiesAgency/fileseeder.git#astro":
  version "1.0.0"
  resolved "git+ssh://git@github.com/TheCookiesAgency/fileseeder.git#4c4b78e161332f3c959a858fb28031c8ca89fa8a"
  dependencies:
    python3 "^0.0.1"

python3@^0.0.1:
  version "0.0.1"
